# This file is automatically @generated by Cargo.
# It is not intended for manual editing.
version = 3

[[package]]
name = "alg"
version = "0.1.0"
source = "git+https://github.com/sav/alg.git?branch=master#ced98879fd09403bc39d783cdb8a531e585f0668"

[[package]]
name = "allocation-counter"
version = "0.8.1"
source = "registry+https://github.com/rust-lang/crates.io-index"
checksum = "beb9e990c0a33699f1984d85a6abead615ccc72dd8130bf3e15dcabe2ca149c9"

[[package]]
name = "leetcode"
version = "0.1.0"
dependencies = [
 "alg",
 "allocation-counter",
]
